<?xml version="1.0" encoding="utf-8"?>
<Project ToolsVersion="4.0" xmlns="http://schemas.microsoft.com/developer/msbuild/2003">
  <ItemGroup>
    <Filter Include="Source Files">
      <UniqueIdentifier>{4FC737F1-C7A5-4376-A066-2A32D752A2FF}</UniqueIdentifier>
      <Extensions>cpp;c;cc;cxx;def;odl;idl;hpj;bat;asm;asmx</Extensions>
    </Filter>
    <Filter Include="Header Files">
      <UniqueIdentifier>{93995380-89BD-4b04-88EB-625FBE52EBFB}</UniqueIdentifier>
      <Extensions>h;hpp;hxx;hm;inl;inc;xsd</Extensions>
    </Filter>
    <Filter Include="Resource Files">
      <UniqueIdentifier>{67DA6AB6-F800-4c08-8B7A-83BB121AAD01}</UniqueIdentifier>
      <Extensions>rc;ico;cur;bmp;dlg;rc2;rct;bin;rgs;gif;jpg;jpeg;jpe;resx;tiff;tif;png;wav;mfcribbon-ms</Extensions>
    </Filter>
  </ItemGroup>
  <ItemGroup>
    <ClCompile Include="main.cpp">
      <Filter>Source Files</Filter>
    </ClCompile>
    <ClCompile Include="NewickParser.cpp">
      <Filter>Source Files</Filter>
    </ClCompile>
    <ClCompile Include="OutputHandler.cpp">
      <Filter>Source Files</Filter>
    </ClCompile>
    <ClCompile Include="nvwa\debug_new.cpp">
      <Filter>Source Files</Filter>
    </ClCompile>
    <ClCompile Include="NaiveImpl.cpp">
      <Filter>Source Files</Filter>
    </ClCompile>
    <ClCompile Include="Soda13Impl.cpp">
      <Filter>Source Files</Filter>
    </ClCompile>
    <ClCompile Include="RootedTree.cpp">
      <Filter>Source Files</Filter>
    </ClCompile>
    <ClCompile Include="HDT.cpp">
      <Filter>Source Files</Filter>
    </ClCompile>
    <ClCompile Include="HDTFactory.cpp">
      <Filter>Source Files</Filter>
    </ClCompile>
    <ClCompile Include="RootedTreeFactory.cpp">
      <Filter>Source Files</Filter>
    </ClCompile>
    <ClCompile Include="Stopwatch.cpp">
      <Filter>Source Files</Filter>
    </ClCompile>
    <ClCompile Include="HDTCountingLeaf.cpp">
      <Filter>Source Files</Filter>
    </ClCompile>
    <ClCompile Include="HDTCountingCTransform.cpp">
      <Filter>Source Files</Filter>
    </ClCompile>
    <ClCompile Include="HDTCountingG.cpp">
      <Filter>Source Files</Filter>
    </ClCompile>
    <ClCompile Include="HDTCountingCCToC.cpp">
      <Filter>Source Files</Filter>
    </ClCompile>
    <ClCompile Include="HDTCountingIGToC.cpp">
      <Filter>Source Files</Filter>
    </ClCompile>
    <ClCompile Include="HDTListUtils.cpp">
      <Filter>Source Files</Filter>
    </ClCompile>
  </ItemGroup>
  <ItemGroup>
    <ClInclude Include="unrooted_tree.h">
      <Filter>Header Files</Filter>
    </ClInclude>
    <ClInclude Include="newick_parser.h">
      <Filter>Header Files</Filter>
    </ClInclude>
    <ClInclude Include="output_handler.h">
      <Filter>Header Files</Filter>
    </ClInclude>
    <ClInclude Include="rooted_tree.h">
      <Filter>Header Files</Filter>
    </ClInclude>
    <ClInclude Include="triplet_calc.h">
      <Filter>Header Files</Filter>
    </ClInclude>
    <ClInclude Include="quartet_calc.h">
      <Filter>Header Files</Filter>
    </ClInclude>
    <ClInclude Include="naive_calc.h">
      <Filter>Header Files</Filter>
    </ClInclude>
    <ClInclude Include="soda13_calc.h">
      <Filter>Header Files</Filter>
    </ClInclude>
    <ClInclude Include="hdt.h">
      <Filter>Header Files</Filter>
    </ClInclude>
    <ClInclude Include="fancy_time.h">
      <Filter>Header Files</Filter>
    </ClInclude>
    <ClInclude Include="util.h">
      <Filter>Header Files</Filter>
    </ClInclude>
    <ClInclude Include="hdt_factory.h">
      <Filter>Header Files</Filter>
    </ClInclude>
    <ClInclude Include="rooted_tree_factory.h">
      <Filter>Header Files</Filter>
    </ClInclude>
    <ClInclude Include="stopwatch.h">
      <Filter>Header Files</Filter>
    </ClInclude>
    <ClInclude Include="counting_linked_list.h">
      <Filter>Header Files</Filter>
    </ClInclude>
    <ClInclude Include="counting_linked_list_num_only.h">
      <Filter>Header Files</Filter>
    </ClInclude>
    <ClInclude Include="templated_linked_list.h">
      <Filter>Header Files</Filter>
    </ClInclude>
    <ClInclude Include="memory_allocator.h">
      <Filter>Header Files</Filter>
    </ClInclude>
  </ItemGroup>
</Project>